<?xml version="1.0" encoding="UTF-8" standalone="yes" ?>
<CodeBlocks_project_file>
	<FileVersion major="1" minor="6" />
	<Project>
		<Option title="particles" />
		<Option pch_mode="2" />
		<Option compiler="nvcc" />
		<Build>
			<Target title="Debug Win32">
				<Option output="../../bin/win32/Debug Win32/particles_vs2008" prefix_auto="1" extension_auto="1" />
				<Option object_output="Debug Win32" />
				<Option type="1" />
				<Option compiler="nvcc" />
				<Compiler>
					<Add option="/DWIN32" />
					<Add option="/D_DEBUG" />
					<Add option="/D_CONSOLE" />
					<Add option="/W3" />
					<Add option="/Zi" />
					<Add option="/Od" />
					<Add option="/MTd" />
					<Add directory="$(CUDA_PATH)/include" />
					<Add directory="./" />
					<Add directory="../../common/inc" />
				</Compiler>
				<ResourceCompiler>
					<Add directory="$(CUDA_PATH)/include" />
					<Add directory="./" />
					<Add directory="../../common/inc" />
				</ResourceCompiler>
				<Linker>
					<Add option="/INCREMENTAL:NO" />
					<Add option="/pdb:Debug Win32\particles.pdb" />
					<Add library="cudart" />
					<Add library="glew32" />
					<Add directory="$(CUDA_PATH)/lib/Win32" />
					<Add directory="../../common/lib/Win32" />
				</Linker>
			</Target>
			<Target title="Debug x64">
				<Option output="../../bin/win64/Debug x64/particles_vs2008" prefix_auto="1" extension_auto="1" />
				<Option object_output="Win32/Debug x64" />
				<Option type="1" />
				<Option compiler="nvcc" />
				<Compiler>
					<Add option="/DWIN32" />
					<Add option="/D_DEBUG" />
					<Add option="/D_CONSOLE" />
					<Add option="/W3" />
					<Add option="/Zi" />
					<Add option="/Od" />
					<Add option="/MTd" />
					<Add directory="$(CUDA_PATH)/include" />
					<Add directory="./" />
					<Add directory="../../common/inc" />
				</Compiler>
				<ResourceCompiler>
					<Add directory="$(CUDA_PATH)/include" />
					<Add directory="./" />
					<Add directory="../../common/inc" />
				</ResourceCompiler>
				<Linker>
					<Add option="/INCREMENTAL:NO" />
					<Add option="/pdb:Win32\Debug x64\particles_vs2008.pdb" />
					<Add library="cudart" />
					<Add library="glew64" />
					<Add library="freeglut" />
					<Add directory="$(CUDA_PATH)/lib/Win32" />
					<Add directory="../../common/lib/Win32" />
				</Linker>
			</Target>
			<Target title="Release Win32">
				<Option output="../../bin/win32/Release Win32/particles_vs2008" prefix_auto="1" extension_auto="1" />
				<Option object_output="Release Win32" />
				<Option type="1" />
				<Option compiler="nvcc" />
				<Compiler>
					<Add option="/DWIN32" />
					<Add option="/D_CONSOLE" />
					<Add option="/W3" />
					<Add option="/Zi" />
					<Add option="/MT" />
					<Add directory="$(CUDA_PATH)/include" />
					<Add directory="./" />
					<Add directory="../../common/inc" />
				</Compiler>
				<ResourceCompiler>
					<Add directory="$(CUDA_PATH)/include" />
					<Add directory="./" />
					<Add directory="../../common/inc" />
				</ResourceCompiler>
				<Linker>
					<Add option="/INCREMENTAL:NO" />
					<Add library="cudart" />
					<Add library="glew32" />
					<Add directory="$(CUDA_PATH)/lib/Win32" />
					<Add directory="../../common/lib/Win32" />
				</Linker>
			</Target>
			<Target title="Release x64">
				<Option output="../../bin/win64/Release x64/particles_vs2008" prefix_auto="1" extension_auto="1" />
				<Option object_output="Win32/Release x64" />
				<Option type="1" />
				<Option compiler="nvcc" />
				<Compiler>
					<Add option="/DWIN32" />
					<Add option="/D_CONSOLE" />
					<Add option="/W3" />
					<Add option="/Zi" />
					<Add option="/MT" />
					<Add directory="$(CUDA_PATH)/include" />
					<Add directory="./" />
					<Add directory="../../common/inc" />
				</Compiler>
				<ResourceCompiler>
					<Add directory="$(CUDA_PATH)/include" />
					<Add directory="./" />
					<Add directory="../../common/inc" />
				</ResourceCompiler>
				<Linker>
					<Add option="/INCREMENTAL:NO" />
					<Add library="cudart" />
					<Add library="glew64" />
					<Add library="freeglut" />
					<Add directory="$(CUDA_PATH)/lib/Win32" />
					<Add directory="../../common/lib/Win32" />
				</Linker>
			</Target>
		</Build>
		<Unit filename="../../common/inc/nvShaderUtils.h" />
		<Unit filename="../../common/inc/rendercheck_gl.h" />
		<Unit filename="particleSystem.cpp" />
		<Unit filename="particleSystem.cuh">
			<Option target="&lt;{~None~}&gt;" />
		</Unit>
		<Unit filename="particleSystem.h" />
		<Unit filename="particleSystem_cuda.cu" />
		<Unit filename="particles.cpp" />
		<Unit filename="particles_kernel.cuh">
			<Option target="&lt;{~None~}&gt;" />
		</Unit>
		<Unit filename="particles_kernel_impl.cuh" />
		<Unit filename="render_particles.cpp" />
		<Unit filename="render_particles.h" />
		<Unit filename="shaders.cpp" />
		<Unit filename="shaders.h" />
		<Extensions>
			<code_completion />
			<envvars />
			<debugger />
		</Extensions>
	</Project>
</CodeBlocks_project_file>
